// !$*UTF8*$!
{
	archiveVersion = 1;
	classes = {
	};
	objectVersion = 56;
	objects = {

/* Begin PBXBuildFile section */
		2B27F4702BB079C20097A8E8 /* Stock.swift in Sources */ = {isa = PBXBuildFile; fileRef = 2B27F46F2BB079C20097A8E8 /* Stock.swift */; };
		2B90480B2BAF158B00FCB3F7 /* WealthCard.swift in Sources */ = {isa = PBXBuildFile; fileRef = 2B90480A2BAF158B00FCB3F7 /* WealthCard.swift */; };
		2B90480D2BAF18FB00FCB3F7 /* WealthStack.swift in Sources */ = {isa = PBXBuildFile; fileRef = 2B90480C2BAF18FB00FCB3F7 /* WealthStack.swift */; };
		2B90480F2BAF2C0800FCB3F7 /* USDIncome.swift in Sources */ = {isa = PBXBuildFile; fileRef = 2B90480E2BAF2C0800FCB3F7 /* USDIncome.swift */; };
		2B9048112BAF993800FCB3F7 /* MyInvestsCard.swift in Sources */ = {isa = PBXBuildFile; fileRef = 2B9048102BAF993800FCB3F7 /* MyInvestsCard.swift */; };
		2B9048132BAF9AE800FCB3F7 /* ExchangeListView.swift in Sources */ = {isa = PBXBuildFile; fileRef = 2B9048122BAF9AE800FCB3F7 /* ExchangeListView.swift */; };
		2B9048152BAF9B6800FCB3F7 /* ExchangeTotal.swift in Sources */ = {isa = PBXBuildFile; fileRef = 2B9048142BAF9B6800FCB3F7 /* ExchangeTotal.swift */; };
		2B9048172BAFA72200FCB3F7 /* StockCell.swift in Sources */ = {isa = PBXBuildFile; fileRef = 2B9048162BAFA72100FCB3F7 /* StockCell.swift */; };
		2BA0C11B2BB17DB100416CDF /* StockListView.swift in Sources */ = {isa = PBXBuildFile; fileRef = 2BA0C11A2BB17DB100416CDF /* StockListView.swift */; };
		2BA0C11D2BB182B000416CDF /* ListCell.swift in Sources */ = {isa = PBXBuildFile; fileRef = 2BA0C11C2BB182B000416CDF /* ListCell.swift */; };
		2BA0C11F2BB199A300416CDF /* List.swift in Sources */ = {isa = PBXBuildFile; fileRef = 2BA0C11E2BB199A300416CDF /* List.swift */; };
		2BCB4DBB2BADA32F0051B0B3 /* AppDelegate.swift in Sources */ = {isa = PBXBuildFile; fileRef = 2BCB4DBA2BADA32F0051B0B3 /* AppDelegate.swift */; };
		2BCB4DBD2BADA32F0051B0B3 /* SceneDelegate.swift in Sources */ = {isa = PBXBuildFile; fileRef = 2BCB4DBC2BADA32F0051B0B3 /* SceneDelegate.swift */; };
		2BCB4DC42BADA3300051B0B3 /* Assets.xcassets in Resources */ = {isa = PBXBuildFile; fileRef = 2BCB4DC32BADA3300051B0B3 /* Assets.xcassets */; };
		2BCB4DC72BADA3300051B0B3 /* LaunchScreen.storyboard in Resources */ = {isa = PBXBuildFile; fileRef = 2BCB4DC52BADA3300051B0B3 /* LaunchScreen.storyboard */; };
		2BCB4DD22BADA58B0051B0B3 /* HomeViewController.swift in Sources */ = {isa = PBXBuildFile; fileRef = 2BCB4DD12BADA58B0051B0B3 /* HomeViewController.swift */; };
		2BCB4DDA2BADA7280051B0B3 /* CustomTabBarController.swift in Sources */ = {isa = PBXBuildFile; fileRef = 2BCB4DD92BADA7280051B0B3 /* CustomTabBarController.swift */; };
		2BCB4DDD2BADA9B00051B0B3 /* Colors.swift in Sources */ = {isa = PBXBuildFile; fileRef = 2BCB4DDC2BADA9B00051B0B3 /* Colors.swift */; };
		2BCB4DDF2BADAAE80051B0B3 /* Icons.swift in Sources */ = {isa = PBXBuildFile; fileRef = 2BCB4DDE2BADAAE80051B0B3 /* Icons.swift */; };
		2BCB4DE12BADADC20051B0B3 /* MarketsViewController.swift in Sources */ = {isa = PBXBuildFile; fileRef = 2BCB4DE02BADADC20051B0B3 /* MarketsViewController.swift */; };
		2BCB4DE32BADADC90051B0B3 /* DiscoverViewController.swift in Sources */ = {isa = PBXBuildFile; fileRef = 2BCB4DE22BADADC90051B0B3 /* DiscoverViewController.swift */; };
		2BCB4DE52BADADD20051B0B3 /* SupportViewController.swift in Sources */ = {isa = PBXBuildFile; fileRef = 2BCB4DE42BADADD20051B0B3 /* SupportViewController.swift */; };
		2BCB4DE72BADADDA0051B0B3 /* ProfileViewController.swift in Sources */ = {isa = PBXBuildFile; fileRef = 2BCB4DE62BADADDA0051B0B3 /* ProfileViewController.swift */; };
		2BCB4DEA2BADC6930051B0B3 /* Welcoming.swift in Sources */ = {isa = PBXBuildFile; fileRef = 2BCB4DE92BADC6930051B0B3 /* Welcoming.swift */; };
		2BCB4DED2BADCB680051B0B3 /* UIView+Ext.swift in Sources */ = {isa = PBXBuildFile; fileRef = 2BCB4DEC2BADCB680051B0B3 /* UIView+Ext.swift */; };
		2BCB4DEF2BADCC210051B0B3 /* MarketInfoView.swift in Sources */ = {isa = PBXBuildFile; fileRef = 2BCB4DEE2BADCC210051B0B3 /* MarketInfoView.swift */; };
		2BCB4DF12BADD5760051B0B3 /* Summary.swift in Sources */ = {isa = PBXBuildFile; fileRef = 2BCB4DF02BADD5760051B0B3 /* Summary.swift */; };
/* End PBXBuildFile section */

/* Begin PBXFileReference section */
		2B27F46F2BB079C20097A8E8 /* Stock.swift */ = {isa = PBXFileReference; lastKnownFileType = sourcecode.swift; path = Stock.swift; sourceTree = "<group>"; };
		2B90480A2BAF158B00FCB3F7 /* WealthCard.swift */ = {isa = PBXFileReference; lastKnownFileType = sourcecode.swift; path = WealthCard.swift; sourceTree = "<group>"; };
		2B90480C2BAF18FB00FCB3F7 /* WealthStack.swift */ = {isa = PBXFileReference; lastKnownFileType = sourcecode.swift; path = WealthStack.swift; sourceTree = "<group>"; };
		2B90480E2BAF2C0800FCB3F7 /* USDIncome.swift */ = {isa = PBXFileReference; lastKnownFileType = sourcecode.swift; path = USDIncome.swift; sourceTree = "<group>"; };
		2B9048102BAF993800FCB3F7 /* MyInvestsCard.swift */ = {isa = PBXFileReference; lastKnownFileType = sourcecode.swift; path = MyInvestsCard.swift; sourceTree = "<group>"; };
		2B9048122BAF9AE800FCB3F7 /* ExchangeListView.swift */ = {isa = PBXFileReference; lastKnownFileType = sourcecode.swift; path = ExchangeListView.swift; sourceTree = "<group>"; };
		2B9048142BAF9B6800FCB3F7 /* ExchangeTotal.swift */ = {isa = PBXFileReference; lastKnownFileType = sourcecode.swift; path = ExchangeTotal.swift; sourceTree = "<group>"; };
		2B9048162BAFA72100FCB3F7 /* StockCell.swift */ = {isa = PBXFileReference; lastKnownFileType = sourcecode.swift; path = StockCell.swift; sourceTree = "<group>"; };
		2BA0C11A2BB17DB100416CDF /* StockListView.swift */ = {isa = PBXFileReference; lastKnownFileType = sourcecode.swift; path = StockListView.swift; sourceTree = "<group>"; };
		2BA0C11C2BB182B000416CDF /* ListCell.swift */ = {isa = PBXFileReference; lastKnownFileType = sourcecode.swift; path = ListCell.swift; sourceTree = "<group>"; };
		2BA0C11E2BB199A300416CDF /* List.swift */ = {isa = PBXFileReference; lastKnownFileType = sourcecode.swift; path = List.swift; sourceTree = "<group>"; };
		2BCB4DB72BADA32F0051B0B3 /* MidasClone.app */ = {isa = PBXFileReference; explicitFileType = wrapper.application; includeInIndex = 0; path = MidasClone.app; sourceTree = BUILT_PRODUCTS_DIR; };
		2BCB4DBA2BADA32F0051B0B3 /* AppDelegate.swift */ = {isa = PBXFileReference; lastKnownFileType = sourcecode.swift; path = AppDelegate.swift; sourceTree = "<group>"; };
		2BCB4DBC2BADA32F0051B0B3 /* SceneDelegate.swift */ = {isa = PBXFileReference; lastKnownFileType = sourcecode.swift; path = SceneDelegate.swift; sourceTree = "<group>"; };
		2BCB4DC32BADA3300051B0B3 /* Assets.xcassets */ = {isa = PBXFileReference; lastKnownFileType = folder.assetcatalog; path = Assets.xcassets; sourceTree = "<group>"; };
		2BCB4DC62BADA3300051B0B3 /* Base */ = {isa = PBXFileReference; lastKnownFileType = file.storyboard; name = Base; path = Base.lproj/LaunchScreen.storyboard; sourceTree = "<group>"; };
		2BCB4DC82BADA3300051B0B3 /* Info.plist */ = {isa = PBXFileReference; lastKnownFileType = text.plist.xml; path = Info.plist; sourceTree = "<group>"; };
		2BCB4DD12BADA58B0051B0B3 /* HomeViewController.swift */ = {isa = PBXFileReference; lastKnownFileType = sourcecode.swift; path = HomeViewController.swift; sourceTree = "<group>"; };
		2BCB4DD92BADA7280051B0B3 /* CustomTabBarController.swift */ = {isa = PBXFileReference; lastKnownFileType = sourcecode.swift; path = CustomTabBarController.swift; sourceTree = "<group>"; };
		2BCB4DDC2BADA9B00051B0B3 /* Colors.swift */ = {isa = PBXFileReference; lastKnownFileType = sourcecode.swift; path = Colors.swift; sourceTree = "<group>"; };
		2BCB4DDE2BADAAE80051B0B3 /* Icons.swift */ = {isa = PBXFileReference; lastKnownFileType = sourcecode.swift; path = Icons.swift; sourceTree = "<group>"; };
		2BCB4DE02BADADC20051B0B3 /* MarketsViewController.swift */ = {isa = PBXFileReference; lastKnownFileType = sourcecode.swift; path = MarketsViewController.swift; sourceTree = "<group>"; };
		2BCB4DE22BADADC90051B0B3 /* DiscoverViewController.swift */ = {isa = PBXFileReference; lastKnownFileType = sourcecode.swift; path = DiscoverViewController.swift; sourceTree = "<group>"; };
		2BCB4DE42BADADD20051B0B3 /* SupportViewController.swift */ = {isa = PBXFileReference; lastKnownFileType = sourcecode.swift; path = SupportViewController.swift; sourceTree = "<group>"; };
		2BCB4DE62BADADDA0051B0B3 /* ProfileViewController.swift */ = {isa = PBXFileReference; lastKnownFileType = sourcecode.swift; path = ProfileViewController.swift; sourceTree = "<group>"; };
		2BCB4DE92BADC6930051B0B3 /* Welcoming.swift */ = {isa = PBXFileReference; lastKnownFileType = sourcecode.swift; path = Welcoming.swift; sourceTree = "<group>"; };
		2BCB4DEC2BADCB680051B0B3 /* UIView+Ext.swift */ = {isa = PBXFileReference; lastKnownFileType = sourcecode.swift; path = "UIView+Ext.swift"; sourceTree = "<group>"; };
		2BCB4DEE2BADCC210051B0B3 /* MarketInfoView.swift */ = {isa = PBXFileReference; lastKnownFileType = sourcecode.swift; path = MarketInfoView.swift; sourceTree = "<group>"; };
		2BCB4DF02BADD5760051B0B3 /* Summary.swift */ = {isa = PBXFileReference; lastKnownFileType = sourcecode.swift; path = Summary.swift; sourceTree = "<group>"; };
/* End PBXFileReference section */

/* Begin PBXFrameworksBuildPhase section */
		2BCB4DB42BADA32F0051B0B3 /* Frameworks */ = {
			isa = PBXFrameworksBuildPhase;
			buildActionMask = 2147483647;
			files = (
			);
			runOnlyForDeploymentPostprocessing = 0;
		};
/* End PBXFrameworksBuildPhase section */

/* Begin PBXGroup section */
		2B27F46E2BB079B70097A8E8 /* Model */ = {
			isa = PBXGroup;
			children = (
				2B27F46F2BB079C20097A8E8 /* Stock.swift */,
				2BA0C11E2BB199A300416CDF /* List.swift */,
			);
			path = Model;
			sourceTree = "<group>";
		};
		2BCB4DAE2BADA32F0051B0B3 = {
			isa = PBXGroup;
			children = (
				2BCB4DB92BADA32F0051B0B3 /* MidasClone */,
				2BCB4DB82BADA32F0051B0B3 /* Products */,
			);
			sourceTree = "<group>";
		};
		2BCB4DB82BADA32F0051B0B3 /* Products */ = {
			isa = PBXGroup;
			children = (
				2BCB4DB72BADA32F0051B0B3 /* MidasClone.app */,
			);
			name = Products;
			sourceTree = "<group>";
		};
		2BCB4DB92BADA32F0051B0B3 /* MidasClone */ = {
			isa = PBXGroup;
			children = (
				2B27F46E2BB079B70097A8E8 /* Model */,
				2BCB4DEB2BADCB590051B0B3 /* Extentions */,
				2BCB4DDB2BADA9A40051B0B3 /* Constants */,
				2BCB4DD32BADA65A0051B0B3 /* CustomViews */,
				2BCB4DD02BADA5770051B0B3 /* ViewControllers */,
				2BCB4DCF2BADA39A0051B0B3 /* Support */,
				2BCB4DCE2BADA37C0051B0B3 /* Delegates */,
				2BCB4DC82BADA3300051B0B3 /* Info.plist */,
			);
			path = MidasClone;
			sourceTree = "<group>";
		};
		2BCB4DCE2BADA37C0051B0B3 /* Delegates */ = {
			isa = PBXGroup;
			children = (
				2BCB4DBA2BADA32F0051B0B3 /* AppDelegate.swift */,
				2BCB4DBC2BADA32F0051B0B3 /* SceneDelegate.swift */,
			);
			path = Delegates;
			sourceTree = "<group>";
		};
		2BCB4DCF2BADA39A0051B0B3 /* Support */ = {
			isa = PBXGroup;
			children = (
				2BCB4DC32BADA3300051B0B3 /* Assets.xcassets */,
				2BCB4DC52BADA3300051B0B3 /* LaunchScreen.storyboard */,
			);
			path = Support;
			sourceTree = "<group>";
		};
		2BCB4DD02BADA5770051B0B3 /* ViewControllers */ = {
			isa = PBXGroup;
			children = (
				2BCB4DD12BADA58B0051B0B3 /* HomeViewController.swift */,
				2BCB4DE02BADADC20051B0B3 /* MarketsViewController.swift */,
				2BCB4DE22BADADC90051B0B3 /* DiscoverViewController.swift */,
				2BCB4DE42BADADD20051B0B3 /* SupportViewController.swift */,
				2BCB4DE62BADADDA0051B0B3 /* ProfileViewController.swift */,
			);
			path = ViewControllers;
			sourceTree = "<group>";
		};
		2BCB4DD32BADA65A0051B0B3 /* CustomViews */ = {
			isa = PBXGroup;
			children = (
				2BCB4DE82BADC6780051B0B3 /* HomeViews */,
				2BCB4DD42BADA6620051B0B3 /* TabBarController */,
			);
			path = CustomViews;
			sourceTree = "<group>";
		};
		2BCB4DD42BADA6620051B0B3 /* TabBarController */ = {
			isa = PBXGroup;
			children = (
				2BCB4DD92BADA7280051B0B3 /* CustomTabBarController.swift */,
			);
			path = TabBarController;
			sourceTree = "<group>";
		};
		2BCB4DDB2BADA9A40051B0B3 /* Constants */ = {
			isa = PBXGroup;
			children = (
				2BCB4DDC2BADA9B00051B0B3 /* Colors.swift */,
				2BCB4DDE2BADAAE80051B0B3 /* Icons.swift */,
			);
			path = Constants;
			sourceTree = "<group>";
		};
		2BCB4DE82BADC6780051B0B3 /* HomeViews */ = {
			isa = PBXGroup;
			children = (
				2BCB4DE92BADC6930051B0B3 /* Welcoming.swift */,
				2BCB4DEE2BADCC210051B0B3 /* MarketInfoView.swift */,
				2BCB4DF02BADD5760051B0B3 /* Summary.swift */,
				2B90480A2BAF158B00FCB3F7 /* WealthCard.swift */,
				2B90480C2BAF18FB00FCB3F7 /* WealthStack.swift */,
				2B90480E2BAF2C0800FCB3F7 /* USDIncome.swift */,
				2B9048102BAF993800FCB3F7 /* MyInvestsCard.swift */,
				2B9048122BAF9AE800FCB3F7 /* ExchangeListView.swift */,
				2B9048142BAF9B6800FCB3F7 /* ExchangeTotal.swift */,
				2B9048162BAFA72100FCB3F7 /* StockCell.swift */,
				2BA0C11A2BB17DB100416CDF /* StockListView.swift */,
				2BA0C11C2BB182B000416CDF /* ListCell.swift */,
			);
			path = HomeViews;
			sourceTree = "<group>";
		};
		2BCB4DEB2BADCB590051B0B3 /* Extentions */ = {
			isa = PBXGroup;
			children = (
				2BCB4DEC2BADCB680051B0B3 /* UIView+Ext.swift */,
			);
			path = Extentions;
			sourceTree = "<group>";
		};
/* End PBXGroup section */

/* Begin PBXNativeTarget section */
		2BCB4DB62BADA32F0051B0B3 /* MidasClone */ = {
			isa = PBXNativeTarget;
			buildConfigurationList = 2BCB4DCB2BADA3300051B0B3 /* Build configuration list for PBXNativeTarget "MidasClone" */;
			buildPhases = (
				2BCB4DB32BADA32F0051B0B3 /* Sources */,
				2BCB4DB42BADA32F0051B0B3 /* Frameworks */,
				2BCB4DB52BADA32F0051B0B3 /* Resources */,
			);
			buildRules = (
			);
			dependencies = (
			);
			name = MidasClone;
			productName = MidasClone;
			productReference = 2BCB4DB72BADA32F0051B0B3 /* MidasClone.app */;
			productType = "com.apple.product-type.application";
		};
/* End PBXNativeTarget section */

/* Begin PBXProject section */
		2BCB4DAF2BADA32F0051B0B3 /* Project object */ = {
			isa = PBXProject;
			attributes = {
				BuildIndependentTargetsInParallel = 1;
				LastSwiftUpdateCheck = 1520;
				LastUpgradeCheck = 1520;
				TargetAttributes = {
					2BCB4DB62BADA32F0051B0B3 = {
						CreatedOnToolsVersion = 15.2;
					};
				};
			};
			buildConfigurationList = 2BCB4DB22BADA32F0051B0B3 /* Build configuration list for PBXProject "MidasClone" */;
			compatibilityVersion = "Xcode 14.0";
			developmentRegion = en;
			hasScannedForEncodings = 0;
			knownRegions = (
				en,
				Base,
			);
			mainGroup = 2BCB4DAE2BADA32F0051B0B3;
			productRefGroup = 2BCB4DB82BADA32F0051B0B3 /* Products */;
			projectDirPath = "";
			projectRoot = "";
			targets = (
				2BCB4DB62BADA32F0051B0B3 /* MidasClone */,
			);
		};
/* End PBXProject section */

/* Begin PBXResourcesBuildPhase section */
		2BCB4DB52BADA32F0051B0B3 /* Resources */ = {
			isa = PBXResourcesBuildPhase;
			buildActionMask = 2147483647;
			files = (
				2BCB4DC72BADA3300051B0B3 /* LaunchScreen.storyboard in Resources */,
				2BCB4DC42BADA3300051B0B3 /* Assets.xcassets in Resources */,
			);
			runOnlyForDeploymentPostprocessing = 0;
		};
/* End PBXResourcesBuildPhase section */

/* Begin PBXSourcesBuildPhase section */
		2BCB4DB32BADA32F0051B0B3 /* Sources */ = {
			isa = PBXSourcesBuildPhase;
			buildActionMask = 2147483647;
			files = (
				2BCB4DEA2BADC6930051B0B3 /* Welcoming.swift in Sources */,
				2BCB4DBB2BADA32F0051B0B3 /* AppDelegate.swift in Sources */,
				2B9048172BAFA72200FCB3F7 /* StockCell.swift in Sources */,
				2BCB4DE12BADADC20051B0B3 /* MarketsViewController.swift in Sources */,
				2BCB4DE72BADADDA0051B0B3 /* ProfileViewController.swift in Sources */,
				2BCB4DDD2BADA9B00051B0B3 /* Colors.swift in Sources */,
				2BCB4DDF2BADAAE80051B0B3 /* Icons.swift in Sources */,
				2B90480B2BAF158B00FCB3F7 /* WealthCard.swift in Sources */,
				2B90480D2BAF18FB00FCB3F7 /* WealthStack.swift in Sources */,
				2BCB4DF12BADD5760051B0B3 /* Summary.swift in Sources */,
				2BCB4DBD2BADA32F0051B0B3 /* SceneDelegate.swift in Sources */,
				2BCB4DE52BADADD20051B0B3 /* SupportViewController.swift in Sources */,
				2BCB4DEF2BADCC210051B0B3 /* MarketInfoView.swift in Sources */,
				2BA0C11F2BB199A300416CDF /* List.swift in Sources */,
				2BCB4DED2BADCB680051B0B3 /* UIView+Ext.swift in Sources */,
				2BCB4DE32BADADC90051B0B3 /* DiscoverViewController.swift in Sources */,
				2B9048112BAF993800FCB3F7 /* MyInvestsCard.swift in Sources */,
				2B9048132BAF9AE800FCB3F7 /* ExchangeListView.swift in Sources */,
				2B90480F2BAF2C0800FCB3F7 /* USDIncome.swift in Sources */,
				2B9048152BAF9B6800FCB3F7 /* ExchangeTotal.swift in Sources */,
				2BCB4DDA2BADA7280051B0B3 /* CustomTabBarController.swift in Sources */,
				2B27F4702BB079C20097A8E8 /* Stock.swift in Sources */,
				2BA0C11D2BB182B000416CDF /* ListCell.swift in Sources */,
				2BCB4DD22BADA58B0051B0B3 /* HomeViewController.swift in Sources */,
				2BA0C11B2BB17DB100416CDF /* StockListView.swift in Sources */,
			);
			runOnlyForDeploymentPostprocessing = 0;
		};
/* End PBXSourcesBuildPhase section */

/* Begin PBXVariantGroup section */
		2BCB4DC52BADA3300051B0B3 /* LaunchScreen.storyboard */ = {
			isa = PBXVariantGroup;
			children = (
				2BCB4DC62BADA3300051B0B3 /* Base */,
			);
			name = LaunchScreen.storyboard;
			sourceTree = "<group>";
		};
/* End PBXVariantGroup section */

/* Begin XCBuildConfiguration section */
		2BCB4DC92BADA3300051B0B3 /* Debug */ = {
			isa = XCBuildConfiguration;
			buildSettings = {
				ALWAYS_SEARCH_USER_PATHS = NO;
				ASSETCATALOG_COMPILER_GENERATE_SWIFT_ASSET_SYMBOL_EXTENSIONS = YES;
				CLANG_ANALYZER_NONNULL = YES;
				CLANG_ANALYZER_NUMBER_OBJECT_CONVERSION = YES_AGGRESSIVE;
				CLANG_CXX_LANGUAGE_STANDARD = "gnu++20";
				CLANG_ENABLE_MODULES = YES;
				CLANG_ENABLE_OBJC_ARC = YES;
				CLANG_ENABLE_OBJC_WEAK = YES;
				CLANG_WARN_BLOCK_CAPTURE_AUTORELEASING = YES;
				CLANG_WARN_BOOL_CONVERSION = YES;
				CLANG_WARN_COMMA = YES;
				CLANG_WARN_CONSTANT_CONVERSION = YES;
				CLANG_WARN_DEPRECATED_OBJC_IMPLEMENTATIONS = YES;
				CLANG_WARN_DIRECT_OBJC_ISA_USAGE = YES_ERROR;
				CLANG_WARN_DOCUMENTATION_COMMENTS = YES;
				CLANG_WARN_EMPTY_BODY = YES;
				CLANG_WARN_ENUM_CONVERSION = YES;
				CLANG_WARN_INFINITE_RECURSION = YES;
				CLANG_WARN_INT_CONVERSION = YES;
				CLANG_WARN_NON_LITERAL_NULL_CONVERSION = YES;
				CLANG_WARN_OBJC_IMPLICIT_RETAIN_SELF = YES;
				CLANG_WARN_OBJC_LITERAL_CONVERSION = YES;
				CLANG_WARN_OBJC_ROOT_CLASS = YES_ERROR;
				CLANG_WARN_QUOTED_INCLUDE_IN_FRAMEWORK_HEADER = YES;
				CLANG_WARN_RANGE_LOOP_ANALYSIS = YES;
				CLANG_WARN_STRICT_PROTOTYPES = YES;
				CLANG_WARN_SUSPICIOUS_MOVE = YES;
				CLANG_WARN_UNGUARDED_AVAILABILITY = YES_AGGRESSIVE;
				CLANG_WARN_UNREACHABLE_CODE = YES;
				CLANG_WARN__DUPLICATE_METHOD_MATCH = YES;
				COPY_PHASE_STRIP = NO;
				DEBUG_INFORMATION_FORMAT = dwarf;
				ENABLE_STRICT_OBJC_MSGSEND = YES;
				ENABLE_TESTABILITY = YES;
				ENABLE_USER_SCRIPT_SANDBOXING = YES;
				GCC_C_LANGUAGE_STANDARD = gnu17;
				GCC_DYNAMIC_NO_PIC = NO;
				GCC_NO_COMMON_BLOCKS = YES;
				GCC_OPTIMIZATION_LEVEL = 0;
				GCC_PREPROCESSOR_DEFINITIONS = (
					"DEBUG=1",
					"$(inherited)",
				);
				GCC_WARN_64_TO_32_BIT_CONVERSION = YES;
				GCC_WARN_ABOUT_RETURN_TYPE = YES_ERROR;
				GCC_WARN_UNDECLARED_SELECTOR = YES;
				GCC_WARN_UNINITIALIZED_AUTOS = YES_AGGRESSIVE;
				GCC_WARN_UNUSED_FUNCTION = YES;
				GCC_WARN_UNUSED_VARIABLE = YES;
				IPHONEOS_DEPLOYMENT_TARGET = 17.2;
				LOCALIZATION_PREFERS_STRING_CATALOGS = YES;
				MTL_ENABLE_DEBUG_INFO = INCLUDE_SOURCE;
				MTL_FAST_MATH = YES;
				ONLY_ACTIVE_ARCH = YES;
				SDKROOT = iphoneos;
				SWIFT_ACTIVE_COMPILATION_CONDITIONS = "DEBUG $(inherited)";
				SWIFT_OPTIMIZATION_LEVEL = "-Onone";
			};
			name = Debug;
		};
		2BCB4DCA2BADA3300051B0B3 /* Release */ = {
			isa = XCBuildConfiguration;
			buildSettings = {
				ALWAYS_SEARCH_USER_PATHS = NO;
				ASSETCATALOG_COMPILER_GENERATE_SWIFT_ASSET_SYMBOL_EXTENSIONS = YES;
				CLANG_ANALYZER_NONNULL = YES;
				CLANG_ANALYZER_NUMBER_OBJECT_CONVERSION = YES_AGGRESSIVE;
				CLANG_CXX_LANGUAGE_STANDARD = "gnu++20";
				CLANG_ENABLE_MODULES = YES;
				CLANG_ENABLE_OBJC_ARC = YES;
				CLANG_ENABLE_OBJC_WEAK = YES;
				CLANG_WARN_BLOCK_CAPTURE_AUTORELEASING = YES;
				CLANG_WARN_BOOL_CONVERSION = YES;
				CLANG_WARN_COMMA = YES;
				CLANG_WARN_CONSTANT_CONVERSION = YES;
				CLANG_WARN_DEPRECATED_OBJC_IMPLEMENTATIONS = YES;
				CLANG_WARN_DIRECT_OBJC_ISA_USAGE = YES_ERROR;
				CLANG_WARN_DOCUMENTATION_COMMENTS = YES;
				CLANG_WARN_EMPTY_BODY = YES;
				CLANG_WARN_ENUM_CONVERSION = YES;
				CLANG_WARN_INFINITE_RECURSION = YES;
				CLANG_WARN_INT_CONVERSION = YES;
				CLANG_WARN_NON_LITERAL_NULL_CONVERSION = YES;
				CLANG_WARN_OBJC_IMPLICIT_RETAIN_SELF = YES;
				CLANG_WARN_OBJC_LITERAL_CONVERSION = YES;
				CLANG_WARN_OBJC_ROOT_CLASS = YES_ERROR;
				CLANG_WARN_QUOTED_INCLUDE_IN_FRAMEWORK_HEADER = YES;
				CLANG_WARN_RANGE_LOOP_ANALYSIS = YES;
				CLANG_WARN_STRICT_PROTOTYPES = YES;
				CLANG_WARN_SUSPICIOUS_MOVE = YES;
				CLANG_WARN_UNGUARDED_AVAILABILITY = YES_AGGRESSIVE;
				CLANG_WARN_UNREACHABLE_CODE = YES;
				CLANG_WARN__DUPLICATE_METHOD_MATCH = YES;
				COPY_PHASE_STRIP = NO;
				DEBUG_INFORMATION_FORMAT = "dwarf-with-dsym";
				ENABLE_NS_ASSERTIONS = NO;
				ENABLE_STRICT_OBJC_MSGSEND = YES;
				ENABLE_USER_SCRIPT_SANDBOXING = YES;
				GCC_C_LANGUAGE_STANDARD = gnu17;
				GCC_NO_COMMON_BLOCKS = YES;
				GCC_WARN_64_TO_32_BIT_CONVERSION = YES;
				GCC_WARN_ABOUT_RETURN_TYPE = YES_ERROR;
				GCC_WARN_UNDECLARED_SELECTOR = YES;
				GCC_WARN_UNINITIALIZED_AUTOS = YES_AGGRESSIVE;
				GCC_WARN_UNUSED_FUNCTION = YES;
				GCC_WARN_UNUSED_VARIABLE = YES;
				IPHONEOS_DEPLOYMENT_TARGET = 17.2;
				LOCALIZATION_PREFERS_STRING_CATALOGS = YES;
				MTL_ENABLE_DEBUG_INFO = NO;
				MTL_FAST_MATH = YES;
				SDKROOT = iphoneos;
				SWIFT_COMPILATION_MODE = wholemodule;
				VALIDATE_PRODUCT = YES;
			};
			name = Release;
		};
		2BCB4DCC2BADA3300051B0B3 /* Debug */ = {
			isa = XCBuildConfiguration;
			buildSettings = {
				ASSETCATALOG_COMPILER_APPICON_NAME = AppIcon;
				ASSETCATALOG_COMPILER_GLOBAL_ACCENT_COLOR_NAME = AccentColor;
				CODE_SIGN_STYLE = Automatic;
				CURRENT_PROJECT_VERSION = 1;
				DEVELOPMENT_TEAM = 82SGZFC8T3;
				GENERATE_INFOPLIST_FILE = YES;
				INFOPLIST_FILE = MidasClone/Info.plist;
				INFOPLIST_KEY_UIApplicationSupportsIndirectInputEvents = YES;
				INFOPLIST_KEY_UILaunchStoryboardName = LaunchScreen;
				INFOPLIST_KEY_UISupportedInterfaceOrientations_iPad = "UIInterfaceOrientationPortrait UIInterfaceOrientationPortraitUpsideDown UIInterfaceOrientationLandscapeLeft UIInterfaceOrientationLandscapeRight";
				INFOPLIST_KEY_UISupportedInterfaceOrientations_iPhone = "UIInterfaceOrientationPortrait UIInterfaceOrientationLandscapeLeft UIInterfaceOrientationLandscapeRight";
				LD_RUNPATH_SEARCH_PATHS = (
					"$(inherited)",
					"@executable_path/Frameworks",
				);
				MARKETING_VERSION = 1.0;
				PRODUCT_BUNDLE_IDENTIFIER = salihgun.MidasClone;
				PRODUCT_NAME = "$(TARGET_NAME)";
				SWIFT_EMIT_LOC_STRINGS = YES;
				SWIFT_VERSION = 5.0;
				TARGETED_DEVICE_FAMILY = "1,2";
			};
			name = Debug;
		};
		2BCB4DCD2BADA3300051B0B3 /* Release */ = {
			isa = XCBuildConfiguration;
			buildSettings = {
				ASSETCATALOG_COMPILER_APPICON_NAME = AppIcon;
				ASSETCATALOG_COMPILER_GLOBAL_ACCENT_COLOR_NAME = AccentColor;
				CODE_SIGN_STYLE = Automatic;
				CURRENT_PROJECT_VERSION = 1;
				DEVELOPMENT_TEAM = 82SGZFC8T3;
				GENERATE_INFOPLIST_FILE = YES;
				INFOPLIST_FILE = MidasClone/Info.plist;
				INFOPLIST_KEY_UIApplicationSupportsIndirectInputEvents = YES;
				INFOPLIST_KEY_UILaunchStoryboardName = LaunchScreen;
				INFOPLIST_KEY_UISupportedInterfaceOrientations_iPad = "UIInterfaceOrientationPortrait UIInterfaceOrientationPortraitUpsideDown UIInterfaceOrientationLandscapeLeft UIInterfaceOrientationLandscapeRight";
				INFOPLIST_KEY_UISupportedInterfaceOrientations_iPhone = "UIInterfaceOrientationPortrait UIInterfaceOrientationLandscapeLeft UIInterfaceOrientationLandscapeRight";
				LD_RUNPATH_SEARCH_PATHS = (
					"$(inherited)",
					"@executable_path/Frameworks",
				);
				MARKETING_VERSION = 1.0;
				PRODUCT_BUNDLE_IDENTIFIER = salihgun.MidasClone;
				PRODUCT_NAME = "$(TARGET_NAME)";
				SWIFT_EMIT_LOC_STRINGS = YES;
				SWIFT_VERSION = 5.0;
				TARGETED_DEVICE_FAMILY = "1,2";
			};
			name = Release;
		};
/* End XCBuildConfiguration section */

/* Begin XCConfigurationList section */
		2BCB4DB22BADA32F0051B0B3 /* Build configuration list for PBXProject "MidasClone" */ = {
			isa = XCConfigurationList;
			buildConfigurations = (
				2BCB4DC92BADA3300051B0B3 /* Debug */,
				2BCB4DCA2BADA3300051B0B3 /* Release */,
			);
			defaultConfigurationIsVisible = 0;
			defaultConfigurationName = Release;
		};
		2BCB4DCB2BADA3300051B0B3 /* Build configuration list for PBXNativeTarget "MidasClone" */ = {
			isa = XCConfigurationList;
			buildConfigurations = (
				2BCB4DCC2BADA3300051B0B3 /* Debug */,
				2BCB4DCD2BADA3300051B0B3 /* Release */,
			);
			defaultConfigurationIsVisible = 0;
			defaultConfigurationName = Release;
		};
/* End XCConfigurationList section */
	};
	rootObject = 2BCB4DAF2BADA32F0051B0B3 /* Project object */;
}
